
Microsoft Visual Studio Solution File, Format Version 12.00
# Visual Studio Version 17
VisualStudioVersion = 17.7.34031.279
MinimumVisualStudioVersion = 10.0.40219.1
Project("{FAE04EC0-301F-11D3-BF4B-00C04F79EFBC}") = "savichev22pr", "savichev22pr.csproj", "{14F76B74-E2C4-495B-B0B4-A67F55527C90}"
EndProject
Project("{FAE04EC0-301F-11D3-BF4B-00C04F79EFBC}") = "ClassModule", "..\ClassModule\ClassModule.csproj", "{7CC87CBD-362C-430A-AB7B-25DE3ED4AF66}"
EndProject
Global
	GlobalSection(SolutionConfigurationPlatforms) = preSolution
		Debug|Any CPU = Debug|Any CPU
		Release|Any CPU = Release|Any CPU
	EndGlobalSection
	GlobalSection(ProjectConfigurationPlatforms) = postSolution
		{14F76B74-E2C4-495B-B0B4-A67F55527C90}.Debug|Any CPU.ActiveCfg = Debug|Any CPU
		{14F76B74-E2C4-495B-B0B4-A67F55527C90}.Debug|Any CPU.Build.0 = Debug|Any CPU
		{14F76B74-E2C4-495B-B0B4-A67F55527C90}.Release|Any CPU.ActiveCfg = Release|Any CPU
		{14F76B74-E2C4-495B-B0B4-A67F55527C90}.Release|Any CPU.Build.0 = Release|Any CPU
		{7CC87CBD-362C-430A-AB7B-25DE3ED4AF66}.Debug|Any CPU.ActiveCfg = Debug|Any CPU
		{7CC87CBD-362C-430A-AB7B-25DE3ED4AF66}.Debug|Any CPU.Build.0 = Debug|Any CPU
		{7CC87CBD-362C-430A-AB7B-25DE3ED4AF66}.Release|Any CPU.ActiveCfg = Release|Any CPU
		{7CC87CBD-362C-430A-AB7B-25DE3ED4AF66}.Release|Any CPU.Build.0 = Release|Any CPU
	EndGlobalSection
	GlobalSection(SolutionProperties) = preSolution
		HideSolutionNode = FALSE
	EndGlobalSection
	GlobalSection(ExtensibilityGlobals) = postSolution
		SolutionGuid = {0F3770A3-7D1A-4EF2-AC8C-63DC5BC4B521}
	EndGlobalSection
EndGlobal
